
Microsoft Visual Studio Solution File, Format Version 12.00
# Visual Studio Version 16
VisualStudioVersion = 16.0.31229.75
MinimumVisualStudioVersion = 10.0.40219.1
Project("{9A19103F-16F7-4668-BE54-9A1E7A4F7556}") = "Apps", "Apps\Apps.csproj", "{6306D4CF-73DD-4CD8-97E7-4042E4B550AA}"
EndProject
Project("{9A19103F-16F7-4668-BE54-9A1E7A4F7556}") = "DataStructures", "DataStructures\DataStructures.csproj", "{21E0C540-E993-4C37-BB06-6DD304008278}"
EndProject
Project("{FAE04EC0-301F-11D3-BF4B-00C04F79EFBC}") = "CommonDataStructure", "CommonDataStructure\CommonDataStructure.csproj", "{FF535BF1-8CA6-4DED-9209-2C54CC47B547}"
EndProject
Project("{FAE04EC0-301F-11D3-BF4B-00C04F79EFBC}") = "CustomTypes", "CustomTypes\CustomTypes.csproj", "{1F838139-A968-4E5F-9B15-A677FDA1D42B}"
EndProject
Global
	GlobalSection(SolutionConfigurationPlatforms) = preSolution
		Debug|Any CPU = Debug|Any CPU
		Release|Any CPU = Release|Any CPU
	EndGlobalSection
	GlobalSection(ProjectConfigurationPlatforms) = postSolution
		{6306D4CF-73DD-4CD8-97E7-4042E4B550AA}.Debug|Any CPU.ActiveCfg = Debug|Any CPU
		{6306D4CF-73DD-4CD8-97E7-4042E4B550AA}.Debug|Any CPU.Build.0 = Debug|Any CPU
		{6306D4CF-73DD-4CD8-97E7-4042E4B550AA}.Release|Any CPU.ActiveCfg = Release|Any CPU
		{6306D4CF-73DD-4CD8-97E7-4042E4B550AA}.Release|Any CPU.Build.0 = Release|Any CPU
		{21E0C540-E993-4C37-BB06-6DD304008278}.Debug|Any CPU.ActiveCfg = Debug|Any CPU
		{21E0C540-E993-4C37-BB06-6DD304008278}.Debug|Any CPU.Build.0 = Debug|Any CPU
		{21E0C540-E993-4C37-BB06-6DD304008278}.Release|Any CPU.ActiveCfg = Release|Any CPU
		{21E0C540-E993-4C37-BB06-6DD304008278}.Release|Any CPU.Build.0 = Release|Any CPU
		{FF535BF1-8CA6-4DED-9209-2C54CC47B547}.Debug|Any CPU.ActiveCfg = Debug|Any CPU
		{FF535BF1-8CA6-4DED-9209-2C54CC47B547}.Debug|Any CPU.Build.0 = Debug|Any CPU
		{FF535BF1-8CA6-4DED-9209-2C54CC47B547}.Release|Any CPU.ActiveCfg = Release|Any CPU
		{FF535BF1-8CA6-4DED-9209-2C54CC47B547}.Release|Any CPU.Build.0 = Release|Any CPU
		{1F838139-A968-4E5F-9B15-A677FDA1D42B}.Debug|Any CPU.ActiveCfg = Debug|Any CPU
		{1F838139-A968-4E5F-9B15-A677FDA1D42B}.Debug|Any CPU.Build.0 = Debug|Any CPU
		{1F838139-A968-4E5F-9B15-A677FDA1D42B}.Release|Any CPU.ActiveCfg = Release|Any CPU
		{1F838139-A968-4E5F-9B15-A677FDA1D42B}.Release|Any CPU.Build.0 = Release|Any CPU
	EndGlobalSection
	GlobalSection(SolutionProperties) = preSolution
		HideSolutionNode = FALSE
	EndGlobalSection
	GlobalSection(ExtensibilityGlobals) = postSolution
		SolutionGuid = {206C8500-6B1A-4D75-AAC1-B57F276A29B6}
	EndGlobalSection
EndGlobal
